<?xml version="1.0" encoding="utf-8"?>
<Project ToolsVersion="4.0" xmlns="http://schemas.microsoft.com/developer/msbuild/2003">
  <ItemGroup>
    <Filter Include="Procedural">
      <UniqueIdentifier>{da188881-b302-4db2-9786-b8e11ead4641}</UniqueIdentifier>
    </Filter>
    <Filter Include="GUI">
      <UniqueIdentifier>{c448c636-6f18-4d93-926b-e9e3e59e23cb}</UniqueIdentifier>
    </Filter>
    <Filter Include="Collision">
      <UniqueIdentifier>{c889181d-c75c-4bd4-812a-05d30b426a25}</UniqueIdentifier>
    </Filter>
    <Filter Include="Physics">
      <UniqueIdentifier>{b2fccab6-c9e5-42a7-8390-b32ed439bf61}</UniqueIdentifier>
    </Filter>
    <Filter Include="Rendering">
      <UniqueIdentifier>{30545b6b-263a-437f-a810-47a6a9253992}</UniqueIdentifier>
    </Filter>
    <Filter Include="AI">
      <UniqueIdentifier>{527b4072-18fc-437c-968c-41405c35f43c}</UniqueIdentifier>
    </Filter>
    <Filter Include="Collision\Spatial partitioning">
      <UniqueIdentifier>{8f9f92cc-7b19-41f2-9964-cdf2ff740ee8}</UniqueIdentifier>
    </Filter>
    <Filter Include="Resources">
      <UniqueIdentifier>{1b32f3d2-13e2-408d-9247-0551fe12f284}</UniqueIdentifier>
    </Filter>
    <Filter Include="Resources\Resource classes">
      <UniqueIdentifier>{c3b08aa0-a67f-4fa1-84be-037289c89eac}</UniqueIdentifier>
    </Filter>
    <Filter Include="AI\Pathfinding">
      <UniqueIdentifier>{188558f1-d5c9-4299-9204-18c36ead3c33}</UniqueIdentifier>
    </Filter>
    <Filter Include="Scene management">
      <UniqueIdentifier>{deaffbae-fd9b-41f2-9865-8526d175967c}</UniqueIdentifier>
    </Filter>
    <Filter Include="AI\Steering">
      <UniqueIdentifier>{fb52adb5-581e-43f4-837f-315408e6648f}</UniqueIdentifier>
    </Filter>
    <Filter Include="Main systems">
      <UniqueIdentifier>{93995380-89BD-4b04-88EB-625FBE52EBFB}</UniqueIdentifier>
      <Extensions>h;hpp;hxx;hm;inl;inc;xsd</Extensions>
    </Filter>
    <Filter Include="Interfaces">
      <UniqueIdentifier>{8cf5dbd4-d5b0-4454-a8b8-1549fab81550}</UniqueIdentifier>
    </Filter>
    <Filter Include="Scene management\Controllers">
      <UniqueIdentifier>{214e74bf-8c92-4802-966a-1f8829005ba2}</UniqueIdentifier>
    </Filter>
    <Filter Include="Old levels">
      <UniqueIdentifier>{100f2c1d-a426-4133-a273-4e1933746ec0}</UniqueIdentifier>
    </Filter>
    <Filter Include="Old levels\__Picker">
      <UniqueIdentifier>{2980542b-fbb1-4bfc-b730-d448ccf02636}</UniqueIdentifier>
    </Filter>
    <Filter Include="Old levels\SKTest">
      <UniqueIdentifier>{c5cb4c3d-cd08-452c-b5eb-c13ee6cb3525}</UniqueIdentifier>
    </Filter>
    <Filter Include="TowerDefense">
      <UniqueIdentifier>{d311a2e2-85c5-4b74-82b7-6677b2904d7d}</UniqueIdentifier>
    </Filter>
    <Filter Include="Input">
      <UniqueIdentifier>{1a0b1252-978b-4ec4-843f-e14ff86410ac}</UniqueIdentifier>
    </Filter>
    <Filter Include="Rendering\GUI">
      <UniqueIdentifier>{824188f2-d45c-420f-adcb-02dfecc27548}</UniqueIdentifier>
    </Filter>
    <Filter Include="Old levels\Strife">
      <UniqueIdentifier>{24834667-67d4-4fc0-a7cc-84fa44a40955}</UniqueIdentifier>
    </Filter>
    <Filter Include="TowerDefense\Buildings">
      <UniqueIdentifier>{3a84d31f-b925-429e-9d0a-695dfe515ee3}</UniqueIdentifier>
    </Filter>
    <Filter Include="Utils">
      <UniqueIdentifier>{48809b9d-88ab-4cad-a975-8831cf39c049}</UniqueIdentifier>
    </Filter>
    <Filter Include="Editor">
      <UniqueIdentifier>{bf623ccc-dcad-4998-8852-aa8c0dc95289}</UniqueIdentifier>
    </Filter>
    <Filter Include="Rendering\DeprMaterials">
      <UniqueIdentifier>{64e27eb2-a483-4a5b-b528-f974afb026a6}</UniqueIdentifier>
    </Filter>
    <Filter Include="Collision\Hulls">
      <UniqueIdentifier>{031777a9-3ace-4375-844b-77d05d1054c5}</UniqueIdentifier>
    </Filter>
    <Filter Include="Collision\Spatial partitioning\QuadTree">
      <UniqueIdentifier>{888a585f-8b3f-4843-8321-7db4d85ef3ab}</UniqueIdentifier>
    </Filter>
    <Filter Include="Multi Threading">
      <UniqueIdentifier>{2e139f82-818b-4c4a-981b-f982b291df3b}</UniqueIdentifier>
    </Filter>
    <Filter Include="Memory Allocators">
      <UniqueIdentifier>{e4bfbc34-ef91-4cb5-ad2a-a4d3ad91d670}</UniqueIdentifier>
    </Filter>
    <Filter Include="Resources\SkelAnim">
      <UniqueIdentifier>{d96be86d-2dbb-45a5-b623-bdf74d5e0174}</UniqueIdentifier>
    </Filter>
    <Filter Include="Rendering\Low level">
      <UniqueIdentifier>{1da54352-487a-441b-a470-eaacbf7447e3}</UniqueIdentifier>
    </Filter>
    <Filter Include="Rendering\Low level\Buffers">
      <UniqueIdentifier>{60b621c3-9e65-4e29-9c13-fc021dd39fe0}</UniqueIdentifier>
    </Filter>
    <Filter Include="Rendering\High level">
      <UniqueIdentifier>{7d9cfe0e-f10f-428a-970d-a4a948704c05}</UniqueIdentifier>
    </Filter>
    <Filter Include="Rendering\High level\Materials">
      <UniqueIdentifier>{40e0c989-187d-4cb6-8766-8987d00858ec}</UniqueIdentifier>
    </Filter>
    <Filter Include="Rendering\High level\Shaders">
      <UniqueIdentifier>{42831e3d-c4de-4d05-85f0-79e8527b227e}</UniqueIdentifier>
    </Filter>
    <Filter Include="Rendering\High level\Lights">
      <UniqueIdentifier>{6b3faa17-fb20-44de-bc23-4c6a63e91008}</UniqueIdentifier>
    </Filter>
    <Filter Include="Rendering\High level\Shader Files">
      <UniqueIdentifier>{67DA6AB6-F800-4c08-8B7A-83BB121AAD01}</UniqueIdentifier>
      <Extensions>rc;ico;cur;bmp;dlg;rc2;rct;bin;rgs;gif;jpg;jpeg;jpe;resx;tiff;tif;png;wav;mfcribbon-ms</Extensions>
    </Filter>
    <Filter Include="Rendering\High level\Shader Files\Clouds">
      <UniqueIdentifier>{2a1ec872-d65e-49ad-84cd-7ba359aac726}</UniqueIdentifier>
    </Filter>
    <Filter Include="Rendering\High level\Shader Files\Vertex shaders">
      <UniqueIdentifier>{5aea2b8d-ef87-4c26-a99c-57ce5353c19b}</UniqueIdentifier>
    </Filter>
    <Filter Include="Rendering\High level\Shader Files\Geometry shaders">
      <UniqueIdentifier>{967348da-08b1-48fe-95c4-feccf6eac0cd}</UniqueIdentifier>
    </Filter>
    <Filter Include="Rendering\High level\Shader Files\Pixel shaders">
      <UniqueIdentifier>{e2e84d4a-64f6-47b2-84b2-4e1286d3558e}</UniqueIdentifier>
    </Filter>
    <Filter Include="Rendering\High level\Shader Files\Pixel shaders\Volumetric">
      <UniqueIdentifier>{bd095788-dafa-4102-a21e-503e0d4f07d0}</UniqueIdentifier>
    </Filter>
    <Filter Include="Rendering\High level\Shader Files\Pixel shaders\PostProcessing">
      <UniqueIdentifier>{649394da-8b53-43e4-8484-d98ffb290ccb}</UniqueIdentifier>
    </Filter>
    <Filter Include="Rendering\High level\Shader Files\Pixel shaders\PBR">
      <UniqueIdentifier>{6dc88ee7-b2a1-42c6-8aab-2484d7aeeb6a}</UniqueIdentifier>
    </Filter>
    <Filter Include="Rendering\High level\Shader Files\HLSL helpers">
      <UniqueIdentifier>{fd01aa02-803e-48d6-8aec-e60fdf02282c}</UniqueIdentifier>
    </Filter>
    <Filter Include="Rendering\High level\Shader Files\Compute shaders">
      <UniqueIdentifier>{b70db7bb-9a50-499f-afc8-641aac0bda23}</UniqueIdentifier>
    </Filter>
  </ItemGroup>
  <ItemGroup>
    <ClCompile Include="Perlin.cpp">
      <Filter>Procedural</Filter>
    </ClCompile>
    <ClCompile Include="Terrain.cpp">
      <Filter>Procedural</Filter>
    </ClCompile>
    <ClCompile Include="LSystem.cpp">
      <Filter>Procedural</Filter>
    </ClCompile>
    <ClCompile Include="Voronoi.cpp">
      <Filter>Procedural</Filter>
    </ClCompile>
    <ClCompile Include="Volumetric.cpp">
      <Filter>Procedural</Filter>
    </ClCompile>
    <ClCompile Include="Geometry.cpp">
      <Filter>Procedural</Filter>
    </ClCompile>
    <ClCompile Include="Maze.cpp">
      <Filter>Procedural</Filter>
    </ClCompile>
    <ClCompile Include="ToolGUI.cpp">
      <Filter>Old levels\Strife</Filter>
    </ClCompile>
    <ClCompile Include="CloudVolumeGenerator.cpp">
      <Filter>Old levels\Strife</Filter>
    </ClCompile>
    <ClCompile Include="Illumination.cpp">
      <Filter>Old levels\Strife</Filter>
    </ClCompile>
    <ClCompile Include="IMGUI\imgui.cpp">
      <Filter>GUI</Filter>
    </ClCompile>
    <ClCompile Include="IMGUI\imgui_demo.cpp">
      <Filter>GUI</Filter>
    </ClCompile>
    <ClCompile Include="IMGUI\imgui_draw.cpp">
      <Filter>GUI</Filter>
    </ClCompile>
    <ClCompile Include="IMGUI\imgui_impl_dx11.cpp">
      <Filter>GUI</Filter>
    </ClCompile>
    <ClCompile Include="IMGUI\imgui_impl_win32.cpp">
      <Filter>GUI</Filter>
    </ClCompile>
    <ClCompile Include="IMGUI\imgui_widgets.cpp">
      <Filter>GUI</Filter>
    </ClCompile>
    <ClCompile Include="StrifeLevel.cpp">
      <Filter>Old levels\Strife</Filter>
    </ClCompile>
    <ClCompile Include="CollisionEngine.cpp">
      <Filter>Collision</Filter>
    </ClCompile>
    <ClCompile Include="Collider.cpp">
      <Filter>Collision</Filter>
    </ClCompile>
    <ClCompile Include="Animation.cpp">
      <Filter>Resources\SkelAnim</Filter>
    </ClCompile>
    <ClCompile Include="BitMapper.cpp">
      <Filter>Procedural</Filter>
    </ClCompile>
    <ClCompile Include="ParticleSystem.cpp">
      <Filter>Rendering</Filter>
    </ClCompile>
    <ClCompile Include="SkeletalModel.cpp">
      <Filter>Resources\SkelAnim</Filter>
    </ClCompile>
    <ClCompile Include="ResourceManager.cpp">
      <Filter>Resources</Filter>
    </ClCompile>
    <ClCompile Include="D3D.cpp">
      <Filter>Rendering</Filter>
    </ClCompile>
    <ClCompile Include="TestLevel.cpp">
      <Filter>Old levels\SKTest</Filter>
    </ClCompile>
    <ClCompile Include="TDLevel.cpp">
      <Filter>TowerDefense</Filter>
    </ClCompile>
    <ClCompile Include="Audio.cpp">
      <Filter>Main systems</Filter>
    </ClCompile>
    <ClCompile Include="main.cpp">
      <Filter>Main systems</Filter>
    </ClCompile>
    <ClCompile Include="Systems.cpp">
      <Filter>Main systems</Filter>
    </ClCompile>
    <ClCompile Include="ProjectPicker.cpp">
      <Filter>Resources</Filter>
    </ClCompile>
    <ClCompile Include="LevelReader.cpp">
      <Filter>Resources</Filter>
    </ClCompile>
    <ClCompile Include="Model.cpp">
      <Filter>Resources\Resource classes</Filter>
    </ClCompile>
    <ClCompile Include="Mesh.cpp">
      <Filter>Resources\Resource classes</Filter>
    </ClCompile>
    <ClCompile Include="MeshDataStructs.h">
      <Filter>Resources\Resource classes</Filter>
    </ClCompile>
    <ClCompile Include="Texture.cpp">
      <Filter>Resources\Resource classes</Filter>
    </ClCompile>
    <ClCompile Include="Grid.cpp">
      <Filter>Collision\Spatial partitioning</Filter>
    </ClCompile>
    <ClCompile Include="Octree.cpp">
      <Filter>Collision\Spatial partitioning</Filter>
    </ClCompile>
    <ClCompile Include="ColFuncs.cpp">
      <Filter>Collision</Filter>
    </ClCompile>
    <ClCompile Include="Renderer.cpp">
      <Filter>Rendering\High level</Filter>
    </ClCompile>
    <ClCompile Include="Renderable.cpp">
      <Filter>Rendering\High level</Filter>
    </ClCompile>
    <ClCompile Include="Material.cpp">
      <Filter>Rendering\High level\Materials</Filter>
    </ClCompile>
    <ClCompile Include="GameObject.cpp">
      <Filter>Scene management</Filter>
    </ClCompile>
    <ClCompile Include="Level.cpp">
      <Filter>Scene management</Filter>
    </ClCompile>
    <ClCompile Include="LevelManager.cpp">
      <Filter>Scene management</Filter>
    </ClCompile>
    <ClCompile Include="SceneGraph.cpp">
      <Filter>Scene management</Filter>
    </ClCompile>
    <ClCompile Include="Shader.cpp">
      <Filter>Rendering\High level\Shaders</Filter>
    </ClCompile>
    <ClCompile Include="MaterialCache.cpp">
      <Filter>Rendering\High level\Materials</Filter>
    </ClCompile>
    <ClCompile Include="Controller.cpp">
      <Filter>Scene management\Controllers</Filter>
    </ClCompile>
    <ClCompile Include="RTSController.cpp">
      <Filter>Scene management\Controllers</Filter>
    </ClCompile>
    <ClCompile Include="InputManager.cpp">
      <Filter>Input</Filter>
    </ClCompile>
    <ClCompile Include="ScreenSpaceDrawer.cpp">
      <Filter>Rendering\GUI</Filter>
    </ClCompile>
    <ClCompile Include="QuadTree.cpp">
      <Filter>Collision\Spatial partitioning\QuadTree</Filter>
    </ClCompile>
    <ClCompile Include="ShaderCache.cpp">
      <Filter>Rendering\High level\Shaders</Filter>
    </ClCompile>
    <ClCompile Include="ShaderSkybox.cpp">
      <Filter>Rendering\DeprMaterials</Filter>
    </ClCompile>
    <ClCompile Include="InstancedShader.cpp">
      <Filter>Rendering\DeprMaterials</Filter>
    </ClCompile>
    <ClCompile Include="ShaderClipper.cpp">
      <Filter>Rendering\DeprMaterials</Filter>
    </ClCompile>
    <ClCompile Include="Phong.cpp">
      <Filter>Rendering\DeprMaterials</Filter>
    </ClCompile>
    <ClCompile Include="ShaderCM.cpp">
      <Filter>Rendering\DeprMaterials</Filter>
    </ClCompile>
    <ClCompile Include="ShaderDepth.cpp">
      <Filter>Rendering\DeprMaterials</Filter>
    </ClCompile>
    <ClCompile Include="ShaderWater.cpp">
      <Filter>Rendering\DeprMaterials</Filter>
    </ClCompile>
    <ClCompile Include="ShaderShadow.cpp">
      <Filter>Rendering\DeprMaterials</Filter>
    </ClCompile>
    <ClCompile Include="ShaderHUD.cpp">
      <Filter>Rendering\DeprMaterials</Filter>
    </ClCompile>
    <ClCompile Include="ShaderPT.cpp">
      <Filter>Rendering\DeprMaterials</Filter>
    </ClCompile>
    <ClCompile Include="ShaderMaze.cpp">
      <Filter>Rendering\DeprMaterials</Filter>
    </ClCompile>
    <ClCompile Include="ShaderStrife.cpp">
      <Filter>Rendering\DeprMaterials</Filter>
    </ClCompile>
    <ClCompile Include="ShaderVolumetric.cpp">
      <Filter>Rendering\DeprMaterials</Filter>
    </ClCompile>
    <ClCompile Include="ShaderWireframe.cpp">
      <Filter>Rendering\DeprMaterials</Filter>
    </ClCompile>
    <ClCompile Include="SkelAnimShader.cpp">
      <Filter>Rendering\DeprMaterials</Filter>
    </ClCompile>
    <ClCompile Include="TerrainShader.cpp">
      <Filter>Rendering\DeprMaterials</Filter>
    </ClCompile>
    <ClCompile Include="VolumetricScreen.cpp">
      <Filter>Rendering\DeprMaterials</Filter>
    </ClCompile>
    <ClCompile Include="ShaderCompiler.cpp">
      <Filter>Rendering\High level\Shaders</Filter>
    </ClCompile>
    <ClCompile Include="Frustum.cpp">
      <Filter>Rendering\High level</Filter>
    </ClCompile>
    <ClCompile Include="Camera.cpp">
      <Filter>Rendering\High level</Filter>
    </ClCompile>
    <ClCompile Include="RenderQueue.cpp">
      <Filter>Rendering\High level</Filter>
    </ClCompile>
    <ClCompile Include="OST.cpp">
      <Filter>Rendering\High level</Filter>
    </ClCompile>
    <ClCompile Include="CubeMapper.cpp">
      <Filter>Rendering\High level</Filter>
    </ClCompile>
    <ClCompile Include="Chaos.cpp">
      <Filter>Utils</Filter>
    </ClCompile>
    <ClCompile Include="Math.cpp">
      <Filter>Utils</Filter>
    </ClCompile>
    <ClCompile Include="GameClock.cpp">
      <Filter>Utils</Filter>
    </ClCompile>
    <ClCompile Include="Hull.cpp">
      <Filter>Collision\Hulls</Filter>
    </ClCompile>
    <ClCompile Include="SphereHull.cpp">
      <Filter>Collision\Hulls</Filter>
    </ClCompile>
    <ClCompile Include="AABB.cpp">
      <Filter>Collision\Hulls</Filter>
    </ClCompile>
    <ClCompile Include="ClusterManager.cpp">
      <Filter>Rendering\High level\Lights</Filter>
    </ClCompile>
    <ClCompile Include="Skeleton.cpp">
      <Filter>Resources\SkelAnim</Filter>
    </ClCompile>
    <ClCompile Include="Project.cpp">
      <Filter>Resources</Filter>
    </ClCompile>
    <ClCompile Include="imnodes.cpp">
      <Filter>GUI</Filter>
    </ClCompile>
  </ItemGroup>
  <ItemGroup>
    <ClInclude Include="Systems.h">
      <Filter>Main systems</Filter>
    </ClInclude>
    <ClInclude Include="Perlin.h">
      <Filter>Procedural</Filter>
    </ClInclude>
    <ClInclude Include="Terrain.h">
      <Filter>Procedural</Filter>
    </ClInclude>
    <ClInclude Include="LSystem.h">
      <Filter>Procedural</Filter>
    </ClInclude>
    <ClInclude Include="Voronoi.h">
      <Filter>Procedural</Filter>
    </ClInclude>
    <ClInclude Include="Biome.h">
      <Filter>Procedural</Filter>
    </ClInclude>
    <ClInclude Include="Volumetric.h">
      <Filter>Procedural</Filter>
    </ClInclude>
    <ClInclude Include="Audio.h">
      <Filter>Main systems</Filter>
    </ClInclude>
    <ClInclude Include="Geometry.h">
      <Filter>Procedural</Filter>
    </ClInclude>
    <ClInclude Include="Maze.h">
      <Filter>Procedural</Filter>
    </ClInclude>
    <ClInclude Include="ToolGUI.h">
      <Filter>Old levels\Strife</Filter>
    </ClInclude>
    <ClInclude Include="CloudVolumeGenerator.h">
      <Filter>Old levels\Strife</Filter>
    </ClInclude>
    <ClInclude Include="Illumination.h">
      <Filter>Old levels\Strife</Filter>
    </ClInclude>
    <ClInclude Include="IMGUI\imconfig.h">
      <Filter>GUI</Filter>
    </ClInclude>
    <ClInclude Include="IMGUI\imgui.h">
      <Filter>GUI</Filter>
    </ClInclude>
    <ClInclude Include="IMGUI\imgui_impl_dx11.h">
      <Filter>GUI</Filter>
    </ClInclude>
    <ClInclude Include="IMGUI\imgui_impl_win32.h">
      <Filter>GUI</Filter>
    </ClInclude>
    <ClInclude Include="IMGUI\imgui_internal.h">
      <Filter>GUI</Filter>
    </ClInclude>
    <ClInclude Include="IMGUI\imstb_rectpack.h">
      <Filter>GUI</Filter>
    </ClInclude>
    <ClInclude Include="IMGUI\imstb_textedit.h">
      <Filter>GUI</Filter>
    </ClInclude>
    <ClInclude Include="IMGUI\imstb_truetype.h">
      <Filter>GUI</Filter>
    </ClInclude>
    <ClInclude Include="StrifeLevel.h">
      <Filter>Old levels\Strife</Filter>
    </ClInclude>
    <ClInclude Include="CloudscapeDefinition.h">
      <Filter>Old levels\Strife</Filter>
    </ClInclude>
    <ClInclude Include="ShaderUtils.h">
      <Filter>Old levels\Strife</Filter>
    </ClInclude>
    <ClInclude Include="CollisionEngine.h">
      <Filter>Collision</Filter>
    </ClInclude>
    <ClInclude Include="Collider.h">
      <Filter>Collision</Filter>
    </ClInclude>
    <ClInclude Include="HitResult.h">
      <Filter>Collision</Filter>
    </ClInclude>
    <ClInclude Include="Animation.h">
      <Filter>Resources\SkelAnim</Filter>
    </ClInclude>
    <ClInclude Include="SkeletalMesh.h">
      <Filter>Resources\SkelAnim</Filter>
    </ClInclude>
    <ClInclude Include="SkeletalModel.h">
      <Filter>Resources\SkelAnim</Filter>
    </ClInclude>
    <ClInclude Include="ResourceManager.h">
      <Filter>Resources</Filter>
    </ClInclude>
    <ClInclude Include="ParticleSystem.h">
      <Filter>Rendering</Filter>
    </ClInclude>
    <ClInclude Include="ParticleBase.h">
      <Filter>Rendering</Filter>
    </ClInclude>
    <ClInclude Include="D3D.h">
      <Filter>Rendering</Filter>
    </ClInclude>
    <ClInclude Include="BitMapper.h">
      <Filter>Procedural</Filter>
    </ClInclude>
    <ClInclude Include="TestLevel.h">
      <Filter>Old levels\SKTest</Filter>
    </ClInclude>
    <ClInclude Include="TDLevel.h">
      <Filter>TowerDefense</Filter>
    </ClInclude>
    <ClInclude Include="ProjectPicker.h">
      <Filter>Resources</Filter>
    </ClInclude>
    <ClInclude Include="ProjectPickerLevel.h">
      <Filter>Old levels\__Picker</Filter>
    </ClInclude>
    <ClInclude Include="LevelReader.h">
      <Filter>Resources</Filter>
    </ClInclude>
    <ClInclude Include="StackAllocator.h">
      <Filter>Memory Allocators</Filter>
    </ClInclude>
    <ClInclude Include="Model.h">
      <Filter>Resources\Resource classes</Filter>
    </ClInclude>
    <ClInclude Include="Mesh.h">
      <Filter>Resources\Resource classes</Filter>
    </ClInclude>
    <ClInclude Include="Resource.h">
      <Filter>Resources\Resource classes</Filter>
    </ClInclude>
    <ClInclude Include="Texture.h">
      <Filter>Resources\Resource classes</Filter>
    </ClInclude>
    <ClInclude Include="Octree.h">
      <Filter>Collision\Spatial partitioning</Filter>
    </ClInclude>
    <ClInclude Include="Grid.h">
      <Filter>Collision\Spatial partitioning</Filter>
    </ClInclude>
    <ClInclude Include="HashOctree.h">
      <Filter>Collision\Spatial partitioning</Filter>
    </ClInclude>
    <ClInclude Include="ColFuncs.h">
      <Filter>Collision</Filter>
    </ClInclude>
    <ClInclude Include="AiController.h">
      <Filter>AI</Filter>
    </ClInclude>
    <ClInclude Include="AStar.h">
      <Filter>AI\Pathfinding</Filter>
    </ClInclude>
    <ClInclude Include="NavMesh.h">
      <Filter>AI\Pathfinding</Filter>
    </ClInclude>
    <ClInclude Include="NavGrid.h">
      <Filter>AI\Pathfinding</Filter>
    </ClInclude>
    <ClInclude Include="Picker.h">
      <Filter>Collision</Filter>
    </ClInclude>
    <ClInclude Include="Renderer.h">
      <Filter>Rendering\High level</Filter>
    </ClInclude>
    <ClInclude Include="Light.h">
      <Filter>Rendering\High level\Lights</Filter>
    </ClInclude>
    <ClInclude Include="Renderable.h">
      <Filter>Rendering\High level</Filter>
    </ClInclude>
    <ClInclude Include="Material.h">
      <Filter>Rendering\High level\Materials</Filter>
    </ClInclude>
    <ClInclude Include="GameObject.h">
      <Filter>Scene management</Filter>
    </ClInclude>
    <ClInclude Include="Level.h">
      <Filter>Scene management</Filter>
    </ClInclude>
    <ClInclude Include="LevelManager.h">
      <Filter>Scene management</Filter>
    </ClInclude>
    <ClInclude Include="SceneGraph.h">
      <Filter>Scene management</Filter>
    </ClInclude>
    <ClInclude Include="NavGraphTypes.h">
      <Filter>AI\Pathfinding</Filter>
    </ClInclude>
    <ClInclude Include="MaterialCache.h">
      <Filter>Rendering\High level\Materials</Filter>
    </ClInclude>
    <ClInclude Include="Steering.h">
      <Filter>AI\Steering</Filter>
    </ClInclude>
    <ClInclude Include="Shader.h">
      <Filter>Rendering\High level\Shaders</Filter>
    </ClInclude>
    <ClInclude Include="ShaderCompiler.h">
      <Filter>Rendering\High level\Shaders</Filter>
    </ClInclude>
    <ClInclude Include="ShaderCache.h">
      <Filter>Rendering\High level\Shaders</Filter>
    </ClInclude>
    <ClInclude Include="Observer.h">
      <Filter>Interfaces</Filter>
    </ClInclude>
    <ClInclude Include="RenderStateManager.h">
      <Filter>Rendering\High level</Filter>
    </ClInclude>
    <ClInclude Include="RenderState.h">
      <Filter>Rendering\High level</Filter>
    </ClInclude>
    <ClInclude Include="SteeringComponent.h">
      <Filter>AI\Steering</Filter>
    </ClInclude>
    <ClInclude Include="Controller.h">
      <Filter>Scene management\Controllers</Filter>
    </ClInclude>
    <ClInclude Include="RTSController.h">
      <Filter>Scene management\Controllers</Filter>
    </ClInclude>
    <ClInclude Include="Controls.h">
      <Filter>TowerDefense</Filter>
    </ClInclude>
    <ClInclude Include="InputManager.h">
      <Filter>Input</Filter>
    </ClInclude>
    <ClInclude Include="TDController.h">
      <Filter>TowerDefense</Filter>
    </ClInclude>
    <ClInclude Include="InputContext.h">
      <Filter>Input</Filter>
    </ClInclude>
    <ClInclude Include="InputMapper.h">
      <Filter>TowerDefense</Filter>
    </ClInclude>
    <ClInclude Include="InputConstants.h">
      <Filter>Input</Filter>
    </ClInclude>
    <ClInclude Include="TDGUI.h">
      <Filter>TowerDefense</Filter>
    </ClInclude>
    <ClInclude Include="Economy.h">
      <Filter>TowerDefense</Filter>
    </ClInclude>
    <ClInclude Include="ScreenSpaceDrawer.h">
      <Filter>Rendering\GUI</Filter>
    </ClInclude>
    <ClInclude Include="BuildingGuiDef.h">
      <Filter>TowerDefense</Filter>
    </ClInclude>
    <ClInclude Include="Enemy.h">
      <Filter>TowerDefense</Filter>
    </ClInclude>
    <ClInclude Include="Affliction.h">
      <Filter>TowerDefense</Filter>
    </ClInclude>
    <ClInclude Include="Building.h">
      <Filter>TowerDefense\Buildings</Filter>
    </ClInclude>
    <ClInclude Include="Tower.h">
      <Filter>TowerDefense\Buildings</Filter>
    </ClInclude>
    <ClInclude Include="IndustrialBuilding.h">
      <Filter>TowerDefense\Buildings</Filter>
    </ClInclude>
    <ClInclude Include="PoolAllocator.h">
      <Filter>Memory Allocators</Filter>
    </ClInclude>
    <ClInclude Include="Bits.h">
      <Filter>Utils</Filter>
    </ClInclude>
    <ClInclude Include="QTObject.h">
      <Filter>Collision\Spatial partitioning\QuadTree</Filter>
    </ClInclude>
    <ClInclude Include="QuadTree.h">
      <Filter>Collision\Spatial partitioning\QuadTree</Filter>
    </ClInclude>
    <ClInclude Include="AABB2D.h">
      <Filter>Collision\Spatial partitioning\QuadTree</Filter>
    </ClInclude>
    <ClInclude Include="TextureGen.h">
      <Filter>Procedural</Filter>
    </ClInclude>
    <ClInclude Include="ShaderSkybox.h">
      <Filter>Rendering\DeprMaterials</Filter>
    </ClInclude>
    <ClInclude Include="InstancedShader.h">
      <Filter>Rendering\DeprMaterials</Filter>
    </ClInclude>
    <ClInclude Include="ShaderClipper.h">
      <Filter>Rendering\DeprMaterials</Filter>
    </ClInclude>
    <ClInclude Include="Phong.h">
      <Filter>Rendering\DeprMaterials</Filter>
    </ClInclude>
    <ClInclude Include="ShaderCM.h">
      <Filter>Rendering\DeprMaterials</Filter>
    </ClInclude>
    <ClInclude Include="ShaderDepth.h">
      <Filter>Rendering\DeprMaterials</Filter>
    </ClInclude>
    <ClInclude Include="ShaderWater.h">
      <Filter>Rendering\DeprMaterials</Filter>
    </ClInclude>
    <ClInclude Include="ShaderShadow.h">
      <Filter>Rendering\DeprMaterials</Filter>
    </ClInclude>
    <ClInclude Include="ShaderHUD.h">
      <Filter>Rendering\DeprMaterials</Filter>
    </ClInclude>
    <ClInclude Include="ShaderPT.h">
      <Filter>Rendering\DeprMaterials</Filter>
    </ClInclude>
    <ClInclude Include="ShaderDataStructs.h">
      <Filter>Rendering\DeprMaterials</Filter>
    </ClInclude>
    <ClInclude Include="ShaderMaze.h">
      <Filter>Rendering\DeprMaterials</Filter>
    </ClInclude>
    <ClInclude Include="ShaderStrife.h">
      <Filter>Rendering\DeprMaterials</Filter>
    </ClInclude>
    <ClInclude Include="ShaderVolumetric.h">
      <Filter>Rendering\DeprMaterials</Filter>
    </ClInclude>
    <ClInclude Include="ShaderWireframe.h">
      <Filter>Rendering\DeprMaterials</Filter>
    </ClInclude>
    <ClInclude Include="SkelAnimShader.h">
      <Filter>Rendering\DeprMaterials</Filter>
    </ClInclude>
    <ClInclude Include="TerrainShader.h">
      <Filter>Rendering\DeprMaterials</Filter>
    </ClInclude>
    <ClInclude Include="VolumetricScreen.h">
      <Filter>Rendering\DeprMaterials</Filter>
    </ClInclude>
    <ClInclude Include="ShaderGenerator.h">
      <Filter>Rendering\High level\Shaders</Filter>
    </ClInclude>
    <ClInclude Include="TextureRole.h">
      <Filter>Resources\Resource classes</Filter>
    </ClInclude>
    <ClInclude Include="Frustum.h">
      <Filter>Rendering\High level</Filter>
    </ClInclude>
    <ClInclude Include="Camera.h">
      <Filter>Rendering\High level</Filter>
    </ClInclude>
    <ClInclude Include="RenderQueue.h">
      <Filter>Rendering\High level</Filter>
    </ClInclude>
    <ClInclude Include="Skybox.h">
      <Filter>Rendering\High level</Filter>
    </ClInclude>
    <ClInclude Include="CBuffer.h">
      <Filter>Rendering\Low level\Buffers</Filter>
    </ClInclude>
    <ClInclude Include="IBuffer.h">
      <Filter>Rendering\Low level\Buffers</Filter>
    </ClInclude>
    <ClInclude Include="VBuffer.h">
      <Filter>Rendering\Low level\Buffers</Filter>
    </ClInclude>
    <ClInclude Include="OST.h">
      <Filter>Rendering\High level</Filter>
    </ClInclude>
    <ClInclude Include="CubeMapper.h">
      <Filter>Rendering\High level</Filter>
    </ClInclude>
    <ClInclude Include="CSM.h">
      <Filter>Rendering</Filter>
    </ClInclude>
    <ClInclude Include="Chaos.h">
      <Filter>Utils</Filter>
    </ClInclude>
    <ClInclude Include="Math.h">
      <Filter>Utils</Filter>
    </ClInclude>
    <ClInclude Include="Logger.h">
      <Filter>Utils</Filter>
    </ClInclude>
    <ClInclude Include="GameClock.h">
      <Filter>Utils</Filter>
    </ClInclude>
    <ClInclude Include="FileUtilities.h">
      <Filter>Utils</Filter>
    </ClInclude>
    <ClInclude Include="Scene.h">
      <Filter>Scene management</Filter>
    </ClInclude>
    <ClInclude Include="LightManager.h">
      <Filter>Rendering\High level\Lights</Filter>
    </ClInclude>
    <ClInclude Include="SlotVector.h">
      <Filter>Memory Allocators</Filter>
    </ClInclude>
    <ClInclude Include="Cone.h">
      <Filter>Collision\Hulls</Filter>
    </ClInclude>
    <ClInclude Include="Hull.h">
      <Filter>Collision\Hulls</Filter>
    </ClInclude>
    <ClInclude Include="AABB.h">
      <Filter>Collision\Hulls</Filter>
    </ClInclude>
    <ClInclude Include="SphereHull.h">
      <Filter>Collision\Hulls</Filter>
    </ClInclude>
    <ClInclude Include="GUI.h">
      <Filter>Rendering\High level</Filter>
    </ClInclude>
    <ClInclude Include="ComputeShader.h">
      <Filter>Rendering\High level\Shaders</Filter>
    </ClInclude>
    <ClInclude Include="SBuffer.h">
      <Filter>Rendering\Low level\Buffers</Filter>
    </ClInclude>
    <ClInclude Include="ClusterManager.h">
      <Filter>Rendering\High level\Lights</Filter>
    </ClInclude>
    <ClInclude Include="ClusterManagerGPU.h">
      <Filter>Rendering\High level\Lights</Filter>
    </ClInclude>
    <ClInclude Include="ClusteringUnusedCode.h">
      <Filter>Rendering\High level\Lights</Filter>
    </ClInclude>
    <ClInclude Include="ClusteringMath.h">
      <Filter>Rendering\High level\Lights</Filter>
    </ClInclude>
    <ClInclude Include="ParallelPrefixSum.h">
      <Filter>Multi Threading</Filter>
    </ClInclude>
    <ClInclude Include="ThreadPool.h">
      <Filter>Multi Threading</Filter>
    </ClInclude>
    <ClInclude Include="Callable.h">
      <Filter>Multi Threading</Filter>
    </ClInclude>
    <ClInclude Include="ThreadPoolTest.h">
      <Filter>Multi Threading</Filter>
    </ClInclude>
    <ClInclude Include="VitThreadPool.h">
      <Filter>Multi Threading</Filter>
    </ClInclude>
    <ClInclude Include="Editor.h">
      <Filter>Editor</Filter>
    </ClInclude>
    <ClInclude Include="EditorLayout.h">
      <Filter>Editor</Filter>
    </ClInclude>
    <ClInclude Include="GuiBlocks.h">
      <Filter>Editor</Filter>
    </ClInclude>
    <ClInclude Include="LoaderGUI.h">
      <Filter>Editor</Filter>
    </ClInclude>
    <ClInclude Include="AssimpPreview.h">
      <Filter>Editor</Filter>
    </ClInclude>
    <ClInclude Include="FileBrowser.h">
      <Filter>Editor</Filter>
    </ClInclude>
    <ClInclude Include="AnimationInstance.h">
      <Filter>Resources\SkelAnim</Filter>
    </ClInclude>
    <ClInclude Include="Skeleton.h">
      <Filter>Resources\SkelAnim</Filter>
    </ClInclude>
    <ClInclude Include="AssimpLoader.h">
      <Filter>Editor</Filter>
    </ClInclude>
    <ClInclude Include="AeonWriter.h">
      <Filter>Editor</Filter>
    </ClInclude>
    <ClInclude Include="Project.h">
      <Filter>Resources</Filter>
    </ClInclude>
    <ClInclude Include="Bone.h">
      <Filter>Resources\SkelAnim</Filter>
    </ClInclude>
    <ClInclude Include="FBXLoader.h">
      <Filter>Editor</Filter>
    </ClInclude>
    <ClInclude Include="Curves.h">
      <Filter>Utils</Filter>
    </ClInclude>
    <ClInclude Include="AnimationEditor.h">
      <Filter>Editor</Filter>
    </ClInclude>
    <ClInclude Include="imnodes.h">
      <Filter>GUI</Filter>
    </ClInclude>
    <ClInclude Include="SkeletalModelInstance.h">
      <Filter>Resources\SkelAnim</Filter>
    </ClInclude>
    <ClInclude Include="AssimpWrapper.h">
      <Filter>Resources</Filter>
    </ClInclude>
    <ClInclude Include="Serializer.h">
      <Filter>Resources</Filter>
    </ClInclude>
    <ClInclude Include="Sampler.h">
      <Filter>Rendering\Low level</Filter>
    </ClInclude>
    <ClInclude Include="Viewport.h">
      <Filter>Rendering\Low level</Filter>
    </ClInclude>
    <ClInclude Include="InputLayout.h">
      <Filter>Rendering\Low level</Filter>
    </ClInclude>
    <ClInclude Include="Image.h">
      <Filter>Resources\Resource classes</Filter>
    </ClInclude>
    <ClInclude Include="CubeMap.h">
      <Filter>Rendering\Low level</Filter>
    </ClInclude>
    <ClInclude Include="SerializableAsset.h">
      <Filter>Resources</Filter>
    </ClInclude>
  </ItemGroup>
  <ItemGroup>
    <None Include="packages.config" />
    <None Include="projectTexPS.hlsl">
      <Filter>Rendering\High level\Shader Files\Pixel shaders</Filter>
    </None>
    <None Include="projectTexVS.hlsl">
      <Filter>Rendering\High level\Shader Files\Vertex shaders</Filter>
    </None>
    <None Include="depthVS.hlsl">
      <Filter>Rendering\High level\Shader Files\Vertex shaders</Filter>
    </None>
    <None Include="depthPS.hlsl">
      <Filter>Rendering\High level\Shader Files\Pixel shaders</Filter>
    </None>
    <None Include="cubemapVS.hlsl">
      <Filter>Rendering\High level\Shader Files\Vertex shaders</Filter>
    </None>
    <None Include="cubemapPS.hlsl">
      <Filter>Rendering\High level\Shader Files\Pixel shaders</Filter>
    </None>
    <None Include="wireframeGS.hlsl">
      <Filter>Rendering\High level\Shader Files\Geometry shaders</Filter>
    </None>
    <None Include="wireframeVS.hlsl">
      <Filter>Rendering\High level\Shader Files\Vertex shaders</Filter>
    </None>
    <None Include="lightVS.hlsl">
      <Filter>Rendering\High level\Shader Files\Vertex shaders</Filter>
    </None>
    <None Include="shadowVS.hlsl">
      <Filter>Rendering\High level\Shader Files\Vertex shaders</Filter>
    </None>
    <None Include="lightPS.hlsl">
      <Filter>Rendering\High level\Shader Files\Pixel shaders</Filter>
    </None>
    <None Include="shadowPS.hlsl">
      <Filter>Rendering\High level\Shader Files\Pixel shaders</Filter>
    </None>
    <None Include="wireframePS.hlsl">
      <Filter>Rendering\High level\Shader Files\Pixel shaders</Filter>
    </None>
    <None Include="Noise.hlsli">
      <Filter>Rendering\High level\Shader Files\HLSL helpers</Filter>
    </None>
    <None Include="MathUtils.hlsli">
      <Filter>Rendering\High level\Shader Files\HLSL helpers</Filter>
    </None>
    <None Include="SDF.hlsli">
      <Filter>Rendering\High level\Shader Files\HLSL helpers</Filter>
    </None>
    <None Include="Constants.hlsli">
      <Filter>Rendering\High level\Shader Files\HLSL helpers</Filter>
    </None>
    <None Include="PhysUtils.hlsli">
      <Filter>Rendering\High level\Shader Files\HLSL helpers</Filter>
    </None>
    <None Include="hudPS.hlsl">
      <Filter>Rendering\High level\Shader Files\Pixel shaders</Filter>
    </None>
    <None Include="Clustering.hlsli">
      <Filter>Rendering\High level\Shader Files\HLSL helpers</Filter>
    </None>
  </ItemGroup>
  <ItemGroup>
    <Text Include="shader-error.txt">
      <Filter>Rendering\High level\Shader Files</Filter>
    </Text>
    <Text Include="IMGUI\LICENSE.txt">
      <Filter>GUI</Filter>
    </Text>
    <Text Include="SerializationDoc.txt">
      <Filter>Editor</Filter>
    </Text>
  </ItemGroup>
  <ItemGroup>
    <FxCompile Include="volumAirPS.hlsl">
      <Filter>Rendering\High level\Shader Files\Pixel shaders\Volumetric</Filter>
    </FxCompile>
    <FxCompile Include="volumFirePS.hlsl">
      <Filter>Rendering\High level\Shader Files\Pixel shaders\Volumetric</Filter>
    </FxCompile>
    <FxCompile Include="VolumJuliaPS.hlsl">
      <Filter>Rendering\High level\Shader Files\Pixel shaders\Volumetric</Filter>
    </FxCompile>
    <FxCompile Include="volumTreePS.hlsl">
      <Filter>Rendering\High level\Shader Files\Pixel shaders\Volumetric</Filter>
    </FxCompile>
    <FxCompile Include="volumLavaPS.hlsl">
      <Filter>Rendering\High level\Shader Files\Pixel shaders\Volumetric</Filter>
    </FxCompile>
    <FxCompile Include="volumWaterPS.hlsl">
      <Filter>Rendering\High level\Shader Files\Pixel shaders\Volumetric</Filter>
    </FxCompile>
    <FxCompile Include="brightmaskPS.hlsl">
      <Filter>Rendering\High level\Shader Files\Pixel shaders\PostProcessing</Filter>
    </FxCompile>
    <FxCompile Include="bloomPS.hlsl">
      <Filter>Rendering\High level\Shader Files\Pixel shaders\PostProcessing</Filter>
    </FxCompile>
    <FxCompile Include="blurHorPS.hlsl">
      <Filter>Rendering\High level\Shader Files\Pixel shaders\PostProcessing</Filter>
    </FxCompile>
    <FxCompile Include="blurVerPS.hlsl">
      <Filter>Rendering\High level\Shader Files\Pixel shaders\PostProcessing</Filter>
    </FxCompile>
    <FxCompile Include="dragonPS.hlsl">
      <Filter>Rendering\High level\Shader Files\Pixel shaders\Volumetric</Filter>
    </FxCompile>
    <FxCompile Include="windpipePS.hlsl">
      <Filter>Rendering\High level\Shader Files\Pixel shaders\Volumetric</Filter>
    </FxCompile>
    <FxCompile Include="volumTornadoPS.hlsl">
      <Filter>Rendering\High level\Shader Files\Pixel shaders\Volumetric</Filter>
    </FxCompile>
    <FxCompile Include="strifevs.hlsl">
      <Filter>Rendering\High level\Shader Files\Clouds</Filter>
    </FxCompile>
    <FxCompile Include="strifeps.hlsl">
      <Filter>Rendering\High level\Shader Files\Clouds</Filter>
    </FxCompile>
    <FxCompile Include="windpipeVS.hlsl">
      <Filter>Rendering\High level\Shader Files\Vertex shaders</Filter>
    </FxCompile>
    <FxCompile Include="volumVS.hlsl">
      <Filter>Rendering\High level\Shader Files\Vertex shaders</Filter>
    </FxCompile>
    <FxCompile Include="mazefloorVS.hlsl">
      <Filter>Rendering\High level\Shader Files\Vertex shaders</Filter>
    </FxCompile>
    <FxCompile Include="mazeVS.hlsl">
      <Filter>Rendering\High level\Shader Files\Vertex shaders</Filter>
    </FxCompile>
    <FxCompile Include="mazePS.hlsl">
      <Filter>Rendering\High level\Shader Files\Pixel shaders</Filter>
    </FxCompile>
    <FxCompile Include="perlin3dPS.hlsl">
      <Filter>Rendering\High level\Shader Files\Pixel shaders</Filter>
    </FxCompile>
    <FxCompile Include="screenspaceVS.hlsl">
      <Filter>Rendering\High level\Shader Files\Vertex shaders</Filter>
    </FxCompile>
    <FxCompile Include="AnimaVS.hlsl">
      <Filter>Rendering\High level\Shader Files\Vertex shaders</Filter>
    </FxCompile>
    <FxCompile Include="AnimaPS.hlsl">
      <Filter>Rendering\High level\Shader Files\Pixel shaders</Filter>
    </FxCompile>
    <FxCompile Include="InstancedVS.hlsl">
      <Filter>Rendering\High level\Shader Files\Vertex shaders</Filter>
    </FxCompile>
    <FxCompile Include="clipperVS.hlsl">
      <Filter>Rendering\High level\Shader Files\Vertex shaders</Filter>
    </FxCompile>
    <FxCompile Include="clipperPS.hlsl">
      <Filter>Rendering\High level\Shader Files\Pixel shaders</Filter>
    </FxCompile>
    <FxCompile Include="terrainPS.hlsl">
      <Filter>Rendering\High level\Shader Files\Pixel shaders</Filter>
    </FxCompile>
    <FxCompile Include="waterPS.hlsl">
      <Filter>Rendering\High level\Shader Files\Pixel shaders</Filter>
    </FxCompile>
    <FxCompile Include="waterVS.hlsl">
      <Filter>Rendering\High level\Shader Files\Vertex shaders</Filter>
    </FxCompile>
    <FxCompile Include="skyboxVS.hlsl">
      <Filter>Rendering\High level\Shader Files\Vertex shaders</Filter>
    </FxCompile>
    <FxCompile Include="skyboxPS.hlsl">
      <Filter>Rendering\High level\Shader Files\Pixel shaders</Filter>
    </FxCompile>
    <FxCompile Include="Light.hlsli">
      <Filter>Rendering\High level\Shader Files\HLSL helpers</Filter>
    </FxCompile>
    <FxCompile Include="terrainVNPS.hlsl">
      <Filter>Rendering\High level\Shader Files\Pixel shaders</Filter>
    </FxCompile>
    <FxCompile Include="Simplex.hlsli">
      <Filter>Rendering\High level\Shader Files\HLSL helpers</Filter>
    </FxCompile>
    <FxCompile Include="Simplex_derivative.hlsli">
      <Filter>Rendering\High level\Shader Files\HLSL helpers</Filter>
    </FxCompile>
    <FxCompile Include="CookTorrancePS.hlsl">
      <Filter>Rendering\High level\Shader Files\Pixel shaders\PBR</Filter>
    </FxCompile>
    <FxCompile Include="ShGen\genVS.hlsl">
      <Filter>Rendering\High level\Shader Files</Filter>
    </FxCompile>
    <FxCompile Include="csmVS.hlsl">
      <Filter>Rendering\High level\Shader Files\Vertex shaders</Filter>
    </FxCompile>
    <FxCompile Include="csmScenePS.hlsl">
      <Filter>Rendering\High level\Shader Files\Pixel shaders</Filter>
    </FxCompile>
    <FxCompile Include="csmSceneVS.hlsl">
      <Filter>Rendering\High level\Shader Files\Vertex shaders</Filter>
    </FxCompile>
    <FxCompile Include="Culler.hlsl">
      <Filter>Rendering\High level\Shader Files\Compute shaders</Filter>
    </FxCompile>
    <FxCompile Include="clusterDebug.hlsl">
      <Filter>Rendering\High level\Shader Files\Pixel shaders</Filter>
    </FxCompile>
    <FxCompile Include="ClusteredPS.hlsl">
      <Filter>Rendering\High level\Shader Files\Pixel shaders</Filter>
    </FxCompile>
  </ItemGroup>
</Project>