<?xml version="1.0" encoding="utf-8"?>
<Project ToolsVersion="4.0" xmlns="http://schemas.microsoft.com/developer/msbuild/2003">
  <ItemGroup>
    <Filter Include="Procedural">
      <UniqueIdentifier>{da188881-b302-4db2-9786-b8e11ead4641}</UniqueIdentifier>
    </Filter>
    <Filter Include="Strife">
      <UniqueIdentifier>{24834667-67d4-4fc0-a7cc-84fa44a40955}</UniqueIdentifier>
    </Filter>
    <Filter Include="GUI">
      <UniqueIdentifier>{c448c636-6f18-4d93-926b-e9e3e59e23cb}</UniqueIdentifier>
    </Filter>
    <Filter Include="Editor">
      <UniqueIdentifier>{bf623ccc-dcad-4998-8852-aa8c0dc95289}</UniqueIdentifier>
    </Filter>
    <Filter Include="Collision">
      <UniqueIdentifier>{c889181d-c75c-4bd4-812a-05d30b426a25}</UniqueIdentifier>
    </Filter>
    <Filter Include="Physics">
      <UniqueIdentifier>{b2fccab6-c9e5-42a7-8390-b32ed439bf61}</UniqueIdentifier>
    </Filter>
    <Filter Include="SceneGraph">
      <UniqueIdentifier>{988cbca4-84cf-428d-bb5d-422582b21fd8}</UniqueIdentifier>
    </Filter>
    <Filter Include="Rendering">
      <UniqueIdentifier>{30545b6b-263a-437f-a810-47a6a9253992}</UniqueIdentifier>
    </Filter>
    <Filter Include="Other">
      <UniqueIdentifier>{93995380-89BD-4b04-88EB-625FBE52EBFB}</UniqueIdentifier>
      <Extensions>h;hpp;hxx;hm;inl;inc;xsd</Extensions>
    </Filter>
    <Filter Include="AI">
      <UniqueIdentifier>{527b4072-18fc-437c-968c-41405c35f43c}</UniqueIdentifier>
    </Filter>
    <Filter Include="Rendering\SkelAnim">
      <UniqueIdentifier>{d96be86d-2dbb-45a5-b623-bdf74d5e0174}</UniqueIdentifier>
    </Filter>
    <Filter Include="Rendering\Shader Files">
      <UniqueIdentifier>{67DA6AB6-F800-4c08-8B7A-83BB121AAD01}</UniqueIdentifier>
      <Extensions>rc;ico;cur;bmp;dlg;rc2;rct;bin;rgs;gif;jpg;jpeg;jpe;resx;tiff;tif;png;wav;mfcribbon-ms</Extensions>
    </Filter>
    <Filter Include="Rendering\Shader Files\Volumetric">
      <UniqueIdentifier>{bd095788-dafa-4102-a21e-503e0d4f07d0}</UniqueIdentifier>
    </Filter>
    <Filter Include="Rendering\Shader Files\Common">
      <UniqueIdentifier>{dc171221-b077-4f1b-afb0-932d39c23157}</UniqueIdentifier>
    </Filter>
    <Filter Include="Rendering\Shader Files\Specific">
      <UniqueIdentifier>{e1bad4ba-8d4f-45de-93e9-ad1efd03f633}</UniqueIdentifier>
    </Filter>
    <Filter Include="Rendering\Shader Files\PostProcessing">
      <UniqueIdentifier>{649394da-8b53-43e4-8484-d98ffb290ccb}</UniqueIdentifier>
    </Filter>
    <Filter Include="Rendering\Shader Files\Clouds">
      <UniqueIdentifier>{2a1ec872-d65e-49ad-84cd-7ba359aac726}</UniqueIdentifier>
    </Filter>
    <Filter Include="Rendering\Shader Classes">
      <UniqueIdentifier>{cf82194b-476f-415d-aa92-751fdbb4a3f8}</UniqueIdentifier>
    </Filter>
    <Filter Include="MemoryAllocators">
      <UniqueIdentifier>{e4bfbc34-ef91-4cb5-ad2a-a4d3ad91d670}</UniqueIdentifier>
    </Filter>
    <Filter Include="Collision\Spatial partitioning">
      <UniqueIdentifier>{8f9f92cc-7b19-41f2-9964-cdf2ff740ee8}</UniqueIdentifier>
    </Filter>
    <Filter Include="Resources">
      <UniqueIdentifier>{1b32f3d2-13e2-408d-9247-0551fe12f284}</UniqueIdentifier>
    </Filter>
    <Filter Include="Resources\Resource classes">
      <UniqueIdentifier>{c3b08aa0-a67f-4fa1-84be-037289c89eac}</UniqueIdentifier>
    </Filter>
    <Filter Include="AI\Pathfinding">
      <UniqueIdentifier>{188558f1-d5c9-4299-9204-18c36ead3c33}</UniqueIdentifier>
    </Filter>
    <Filter Include="Gameplay">
      <UniqueIdentifier>{deaffbae-fd9b-41f2-9865-8526d175967c}</UniqueIdentifier>
    </Filter>
    <Filter Include="Gameplay\Mechanisms">
      <UniqueIdentifier>{bd1dae54-c01d-40cc-8734-1fc21163dc44}</UniqueIdentifier>
    </Filter>
    <Filter Include="Gameplay\Implemented">
      <UniqueIdentifier>{ed470756-f1fa-46fd-bbd1-4263d24057bb}</UniqueIdentifier>
    </Filter>
    <Filter Include="Gameplay\Implemented\Air">
      <UniqueIdentifier>{f4e8c8f2-39b6-472c-ad78-802d67ec4c86}</UniqueIdentifier>
    </Filter>
    <Filter Include="Gameplay\Implemented\Earth">
      <UniqueIdentifier>{06b06c8e-a6f3-40c0-99a9-59da9586da86}</UniqueIdentifier>
    </Filter>
    <Filter Include="Gameplay\Implemented\Fire">
      <UniqueIdentifier>{12476446-bd60-4e81-aa57-428a9d103ac8}</UniqueIdentifier>
    </Filter>
    <Filter Include="Gameplay\Implemented\SKTest">
      <UniqueIdentifier>{c5cb4c3d-cd08-452c-b5eb-c13ee6cb3525}</UniqueIdentifier>
    </Filter>
    <Filter Include="Gameplay\Implemented\Water">
      <UniqueIdentifier>{b3d35bd8-aae1-49da-8b6c-175bb42b833e}</UniqueIdentifier>
    </Filter>
    <Filter Include="Gameplay\Implemented\TowerDefense">
      <UniqueIdentifier>{d311a2e2-85c5-4b74-82b7-6677b2904d7d}</UniqueIdentifier>
    </Filter>
    <Filter Include="Gameplay\Implemented\__Picker">
      <UniqueIdentifier>{2980542b-fbb1-4bfc-b730-d448ccf02636}</UniqueIdentifier>
    </Filter>
    <Filter Include="Rendering\Now do it properly">
      <UniqueIdentifier>{7d9cfe0e-f10f-428a-970d-a4a948704c05}</UniqueIdentifier>
    </Filter>
  </ItemGroup>
  <ItemGroup>
    <ClCompile Include="Perlin.cpp">
      <Filter>Procedural</Filter>
    </ClCompile>
    <ClCompile Include="Terrain.cpp">
      <Filter>Procedural</Filter>
    </ClCompile>
    <ClCompile Include="LSystem.cpp">
      <Filter>Procedural</Filter>
    </ClCompile>
    <ClCompile Include="Voronoi.cpp">
      <Filter>Procedural</Filter>
    </ClCompile>
    <ClCompile Include="ShaderCM.cpp">
      <Filter>Rendering\Shader Classes</Filter>
    </ClCompile>
    <ClCompile Include="ShaderDepth.cpp">
      <Filter>Rendering\Shader Classes</Filter>
    </ClCompile>
    <ClCompile Include="ShaderHUD.cpp">
      <Filter>Rendering\Shader Classes</Filter>
    </ClCompile>
    <ClCompile Include="ShaderPT.cpp">
      <Filter>Rendering\Shader Classes</Filter>
    </ClCompile>
    <ClCompile Include="ShaderShadow.cpp">
      <Filter>Rendering\Shader Classes</Filter>
    </ClCompile>
    <ClCompile Include="ShaderSkybox.cpp">
      <Filter>Rendering\Shader Classes</Filter>
    </ClCompile>
    <ClCompile Include="ShaderStrife.cpp">
      <Filter>Rendering\Shader Classes</Filter>
    </ClCompile>
    <ClCompile Include="ShaderWater.cpp">
      <Filter>Rendering\Shader Classes</Filter>
    </ClCompile>
    <ClCompile Include="ShaderWireframe.cpp">
      <Filter>Rendering\Shader Classes</Filter>
    </ClCompile>
    <ClCompile Include="ShaderBase.cpp">
      <Filter>Rendering\Shader Classes</Filter>
    </ClCompile>
    <ClCompile Include="ShaderLight.cpp">
      <Filter>Rendering\Shader Classes</Filter>
    </ClCompile>
    <ClCompile Include="ShaderManager.cpp">
      <Filter>Rendering\Shader Classes</Filter>
    </ClCompile>
    <ClCompile Include="InstancedShader.cpp">
      <Filter>Rendering\Shader Classes</Filter>
    </ClCompile>
    <ClCompile Include="Volumetric.cpp">
      <Filter>Procedural</Filter>
    </ClCompile>
    <ClCompile Include="TerrainShader.cpp">
      <Filter>Rendering\Shader Classes</Filter>
    </ClCompile>
    <ClCompile Include="PerlinShader.cpp">
      <Filter>Rendering\Shader Classes</Filter>
    </ClCompile>
    <ClCompile Include="Geometry.cpp">
      <Filter>Procedural</Filter>
    </ClCompile>
    <ClCompile Include="ShaderVolumetric.cpp">
      <Filter>Rendering\Shader Classes</Filter>
    </ClCompile>
    <ClCompile Include="Maze.cpp">
      <Filter>Procedural</Filter>
    </ClCompile>
    <ClCompile Include="ShaderMaze.cpp">
      <Filter>Rendering\Shader Classes</Filter>
    </ClCompile>
    <ClCompile Include="ShaderClipper.cpp">
      <Filter>Rendering\Shader Classes</Filter>
    </ClCompile>
    <ClCompile Include="VolumetricScreen.cpp">
      <Filter>Rendering\Shader Classes</Filter>
    </ClCompile>
    <ClCompile Include="ToolGUI.cpp">
      <Filter>Strife</Filter>
    </ClCompile>
    <ClCompile Include="CloudVolumeGenerator.cpp">
      <Filter>Strife</Filter>
    </ClCompile>
    <ClCompile Include="Illumination.cpp">
      <Filter>Strife</Filter>
    </ClCompile>
    <ClCompile Include="IMGUI\imgui.cpp">
      <Filter>GUI</Filter>
    </ClCompile>
    <ClCompile Include="IMGUI\imgui_demo.cpp">
      <Filter>GUI</Filter>
    </ClCompile>
    <ClCompile Include="IMGUI\imgui_draw.cpp">
      <Filter>GUI</Filter>
    </ClCompile>
    <ClCompile Include="IMGUI\imgui_impl_dx11.cpp">
      <Filter>GUI</Filter>
    </ClCompile>
    <ClCompile Include="IMGUI\imgui_impl_win32.cpp">
      <Filter>GUI</Filter>
    </ClCompile>
    <ClCompile Include="IMGUI\imgui_widgets.cpp">
      <Filter>GUI</Filter>
    </ClCompile>
    <ClCompile Include="StrifeLevel.cpp">
      <Filter>Strife</Filter>
    </ClCompile>
    <ClCompile Include="CollisionEngine.cpp">
      <Filter>Collision</Filter>
    </ClCompile>
    <ClCompile Include="Collider.cpp">
      <Filter>Collision</Filter>
    </ClCompile>
    <ClCompile Include="Hull.cpp">
      <Filter>Collision</Filter>
    </ClCompile>
    <ClCompile Include="SceneGraph.cpp">
      <Filter>SceneGraph</Filter>
    </ClCompile>
    <ClCompile Include="ProjectLoader.cpp">
      <Filter>Resources</Filter>
    </ClCompile>
    <ClCompile Include="Animation.cpp">
      <Filter>Rendering\SkelAnim</Filter>
    </ClCompile>
    <ClCompile Include="Animator.cpp">
      <Filter>Rendering\SkelAnim</Filter>
    </ClCompile>
    <ClCompile Include="BitMapper.cpp">
      <Filter>Procedural</Filter>
    </ClCompile>
    <ClCompile Include="Light.cpp">
      <Filter>Rendering</Filter>
    </ClCompile>
    <ClCompile Include="OST.cpp">
      <Filter>Rendering</Filter>
    </ClCompile>
    <ClCompile Include="ParticleSystem.cpp">
      <Filter>Rendering</Filter>
    </ClCompile>
    <ClCompile Include="SkeletalModel.cpp">
      <Filter>Rendering\SkelAnim</Filter>
    </ClCompile>
    <ClCompile Include="ResourceManager.cpp">
      <Filter>Resources</Filter>
    </ClCompile>
    <ClCompile Include="D3D.cpp">
      <Filter>Rendering</Filter>
    </ClCompile>
    <ClCompile Include="CubeMapper.cpp">
      <Filter>Rendering</Filter>
    </ClCompile>
    <ClCompile Include="Camera.cpp">
      <Filter>Rendering</Filter>
    </ClCompile>
    <ClCompile Include="Celestials.cpp">
      <Filter>Rendering</Filter>
    </ClCompile>
    <ClCompile Include="AirLevel.cpp">
      <Filter>Gameplay\Implemented\Air</Filter>
    </ClCompile>
    <ClCompile Include="Dragon.cpp">
      <Filter>Gameplay\Implemented\Air</Filter>
    </ClCompile>
    <ClCompile Include="EarthLevel.cpp">
      <Filter>Gameplay\Implemented\Earth</Filter>
    </ClCompile>
    <ClCompile Include="Hexer.cpp">
      <Filter>Gameplay\Implemented\Fire</Filter>
    </ClCompile>
    <ClCompile Include="FireLevel.cpp">
      <Filter>Gameplay\Implemented\Fire</Filter>
    </ClCompile>
    <ClCompile Include="Lillies.cpp">
      <Filter>Gameplay\Implemented\Water</Filter>
    </ClCompile>
    <ClCompile Include="WaterLevel.cpp">
      <Filter>Gameplay\Implemented\Water</Filter>
    </ClCompile>
    <ClCompile Include="GameObject.cpp">
      <Filter>Gameplay\Mechanisms</Filter>
    </ClCompile>
    <ClCompile Include="Level.cpp">
      <Filter>Gameplay\Mechanisms</Filter>
    </ClCompile>
    <ClCompile Include="LevelManager.cpp">
      <Filter>Gameplay\Mechanisms</Filter>
    </ClCompile>
    <ClCompile Include="TestLevel.cpp">
      <Filter>Gameplay\Implemented\SKTest</Filter>
    </ClCompile>
    <ClCompile Include="TDLevel.cpp">
      <Filter>Gameplay\Implemented\TowerDefense</Filter>
    </ClCompile>
    <ClCompile Include="Audio.cpp">
      <Filter>Other</Filter>
    </ClCompile>
    <ClCompile Include="Chaos.cpp">
      <Filter>Other</Filter>
    </ClCompile>
    <ClCompile Include="Controller.cpp">
      <Filter>Other</Filter>
    </ClCompile>
    <ClCompile Include="GameClock.cpp">
      <Filter>Other</Filter>
    </ClCompile>
    <ClCompile Include="InputManager.cpp">
      <Filter>Other</Filter>
    </ClCompile>
    <ClCompile Include="main.cpp">
      <Filter>Other</Filter>
    </ClCompile>
    <ClCompile Include="Math.cpp">
      <Filter>Other</Filter>
    </ClCompile>
    <ClCompile Include="Systems.cpp">
      <Filter>Other</Filter>
    </ClCompile>
    <ClCompile Include="ProjectPicker.cpp">
      <Filter>Resources</Filter>
    </ClCompile>
    <ClCompile Include="LevelReader.cpp">
      <Filter>Resources</Filter>
    </ClCompile>
    <ClCompile Include="Model.cpp">
      <Filter>Resources\Resource classes</Filter>
    </ClCompile>
    <ClCompile Include="Mesh.cpp">
      <Filter>Resources\Resource classes</Filter>
    </ClCompile>
    <ClCompile Include="MeshDataStructs.h">
      <Filter>Resources\Resource classes</Filter>
    </ClCompile>
    <ClCompile Include="Texture.cpp">
      <Filter>Resources\Resource classes</Filter>
    </ClCompile>
    <ClCompile Include="Grid.cpp">
      <Filter>Collision\Spatial partitioning</Filter>
    </ClCompile>
    <ClCompile Include="Octree.cpp">
      <Filter>Collision\Spatial partitioning</Filter>
    </ClCompile>
    <ClCompile Include="ColFuncs.cpp">
      <Filter>Collision</Filter>
    </ClCompile>
    <ClCompile Include="ScreenSpaceDrawer.cpp">
      <Filter>Rendering</Filter>
    </ClCompile>
    <ClCompile Include="Frustum.cpp">
      <Filter>Rendering</Filter>
    </ClCompile>
    <ClCompile Include="Renderer.cpp">
      <Filter>Rendering\Now do it properly</Filter>
    </ClCompile>
    <ClCompile Include="Material.cpp">
      <Filter>Rendering\Now do it properly</Filter>
    </ClCompile>
  </ItemGroup>
  <ItemGroup>
    <ClInclude Include="Math.h">
      <Filter>Other</Filter>
    </ClInclude>
    <ClInclude Include="Systems.h">
      <Filter>Other</Filter>
    </ClInclude>
    <ClInclude Include="Controller.h">
      <Filter>Other</Filter>
    </ClInclude>
    <ClInclude Include="InputManager.h">
      <Filter>Other</Filter>
    </ClInclude>
    <ClInclude Include="GameClock.h">
      <Filter>Other</Filter>
    </ClInclude>
    <ClInclude Include="Perlin.h">
      <Filter>Procedural</Filter>
    </ClInclude>
    <ClInclude Include="Chaos.h">
      <Filter>Other</Filter>
    </ClInclude>
    <ClInclude Include="Terrain.h">
      <Filter>Procedural</Filter>
    </ClInclude>
    <ClInclude Include="LSystem.h">
      <Filter>Procedural</Filter>
    </ClInclude>
    <ClInclude Include="Voronoi.h">
      <Filter>Procedural</Filter>
    </ClInclude>
    <ClInclude Include="ShaderShadow.h">
      <Filter>Rendering\Shader Classes</Filter>
    </ClInclude>
    <ClInclude Include="ShaderSkybox.h">
      <Filter>Rendering\Shader Classes</Filter>
    </ClInclude>
    <ClInclude Include="ShaderPT.h">
      <Filter>Rendering\Shader Classes</Filter>
    </ClInclude>
    <ClInclude Include="ShaderHUD.h">
      <Filter>Rendering\Shader Classes</Filter>
    </ClInclude>
    <ClInclude Include="ShaderDepth.h">
      <Filter>Rendering\Shader Classes</Filter>
    </ClInclude>
    <ClInclude Include="ShaderCM.h">
      <Filter>Rendering\Shader Classes</Filter>
    </ClInclude>
    <ClInclude Include="ShaderStrife.h">
      <Filter>Rendering\Shader Classes</Filter>
    </ClInclude>
    <ClInclude Include="ShaderWater.h">
      <Filter>Rendering\Shader Classes</Filter>
    </ClInclude>
    <ClInclude Include="ShaderWireframe.h">
      <Filter>Rendering\Shader Classes</Filter>
    </ClInclude>
    <ClInclude Include="Biome.h">
      <Filter>Procedural</Filter>
    </ClInclude>
    <ClInclude Include="ShaderBase.h">
      <Filter>Rendering\Shader Classes</Filter>
    </ClInclude>
    <ClInclude Include="ShaderLight.h">
      <Filter>Rendering\Shader Classes</Filter>
    </ClInclude>
    <ClInclude Include="ShaderManager.h">
      <Filter>Rendering\Shader Classes</Filter>
    </ClInclude>
    <ClInclude Include="InstancedShader.h">
      <Filter>Rendering\Shader Classes</Filter>
    </ClInclude>
    <ClInclude Include="Volumetric.h">
      <Filter>Procedural</Filter>
    </ClInclude>
    <ClInclude Include="Audio.h">
      <Filter>Other</Filter>
    </ClInclude>
    <ClInclude Include="TerrainShader.h">
      <Filter>Rendering\Shader Classes</Filter>
    </ClInclude>
    <ClInclude Include="PerlinShader.h">
      <Filter>Rendering\Shader Classes</Filter>
    </ClInclude>
    <ClInclude Include="Geometry.h">
      <Filter>Procedural</Filter>
    </ClInclude>
    <ClInclude Include="ShaderVolumetric.h">
      <Filter>Rendering\Shader Classes</Filter>
    </ClInclude>
    <ClInclude Include="ShaderDataStructs.h">
      <Filter>Rendering\Shader Classes</Filter>
    </ClInclude>
    <ClInclude Include="Maze.h">
      <Filter>Procedural</Filter>
    </ClInclude>
    <ClInclude Include="ShaderMaze.h">
      <Filter>Rendering\Shader Classes</Filter>
    </ClInclude>
    <ClInclude Include="ShaderClipper.h">
      <Filter>Rendering\Shader Classes</Filter>
    </ClInclude>
    <ClInclude Include="VolumetricScreen.h">
      <Filter>Rendering\Shader Classes</Filter>
    </ClInclude>
    <ClInclude Include="ToolGUI.h">
      <Filter>Strife</Filter>
    </ClInclude>
    <ClInclude Include="CloudVolumeGenerator.h">
      <Filter>Strife</Filter>
    </ClInclude>
    <ClInclude Include="Illumination.h">
      <Filter>Strife</Filter>
    </ClInclude>
    <ClInclude Include="IMGUI\imconfig.h">
      <Filter>GUI</Filter>
    </ClInclude>
    <ClInclude Include="IMGUI\imgui.h">
      <Filter>GUI</Filter>
    </ClInclude>
    <ClInclude Include="IMGUI\imgui_impl_dx11.h">
      <Filter>GUI</Filter>
    </ClInclude>
    <ClInclude Include="IMGUI\imgui_impl_win32.h">
      <Filter>GUI</Filter>
    </ClInclude>
    <ClInclude Include="IMGUI\imgui_internal.h">
      <Filter>GUI</Filter>
    </ClInclude>
    <ClInclude Include="IMGUI\imstb_rectpack.h">
      <Filter>GUI</Filter>
    </ClInclude>
    <ClInclude Include="IMGUI\imstb_textedit.h">
      <Filter>GUI</Filter>
    </ClInclude>
    <ClInclude Include="IMGUI\imstb_truetype.h">
      <Filter>GUI</Filter>
    </ClInclude>
    <ClInclude Include="StrifeLevel.h">
      <Filter>Strife</Filter>
    </ClInclude>
    <ClInclude Include="CloudscapeDefinition.h">
      <Filter>Strife</Filter>
    </ClInclude>
    <ClInclude Include="ShaderUtils.h">
      <Filter>Strife</Filter>
    </ClInclude>
    <ClInclude Include="CollisionEngine.h">
      <Filter>Collision</Filter>
    </ClInclude>
    <ClInclude Include="Collider.h">
      <Filter>Collision</Filter>
    </ClInclude>
    <ClInclude Include="Hull.h">
      <Filter>Collision</Filter>
    </ClInclude>
    <ClInclude Include="HitResult.h">
      <Filter>Collision</Filter>
    </ClInclude>
    <ClInclude Include="SceneGraph.h">
      <Filter>SceneGraph</Filter>
    </ClInclude>
    <ClInclude Include="ProjectLoader.h">
      <Filter>Resources</Filter>
    </ClInclude>
    <ClInclude Include="Animation.h">
      <Filter>Rendering\SkelAnim</Filter>
    </ClInclude>
    <ClInclude Include="Animator.h">
      <Filter>Rendering\SkelAnim</Filter>
    </ClInclude>
    <ClInclude Include="SkeletalMesh.h">
      <Filter>Rendering\SkelAnim</Filter>
    </ClInclude>
    <ClInclude Include="SkeletalModel.h">
      <Filter>Rendering\SkelAnim</Filter>
    </ClInclude>
    <ClInclude Include="ResourceManager.h">
      <Filter>Resources</Filter>
    </ClInclude>
    <ClInclude Include="Light.h">
      <Filter>Rendering</Filter>
    </ClInclude>
    <ClInclude Include="CubeMapper.h">
      <Filter>Rendering</Filter>
    </ClInclude>
    <ClInclude Include="Celestials.h">
      <Filter>Rendering</Filter>
    </ClInclude>
    <ClInclude Include="Camera.h">
      <Filter>Rendering</Filter>
    </ClInclude>
    <ClInclude Include="ParticleSystem.h">
      <Filter>Rendering</Filter>
    </ClInclude>
    <ClInclude Include="ParticleBase.h">
      <Filter>Rendering</Filter>
    </ClInclude>
    <ClInclude Include="OST.h">
      <Filter>Rendering</Filter>
    </ClInclude>
    <ClInclude Include="D3D.h">
      <Filter>Rendering</Filter>
    </ClInclude>
    <ClInclude Include="BitMapper.h">
      <Filter>Procedural</Filter>
    </ClInclude>
    <ClInclude Include="AirLevel.h">
      <Filter>Gameplay\Implemented\Air</Filter>
    </ClInclude>
    <ClInclude Include="Dragon.h">
      <Filter>Gameplay\Implemented\Air</Filter>
    </ClInclude>
    <ClInclude Include="EarthLevel.h">
      <Filter>Gameplay\Implemented\Earth</Filter>
    </ClInclude>
    <ClInclude Include="Hexer.h">
      <Filter>Gameplay\Implemented\Fire</Filter>
    </ClInclude>
    <ClInclude Include="FireLevel.h">
      <Filter>Gameplay\Implemented\Fire</Filter>
    </ClInclude>
    <ClInclude Include="Lillies.h">
      <Filter>Gameplay\Implemented\Water</Filter>
    </ClInclude>
    <ClInclude Include="WaterLevel.h">
      <Filter>Gameplay\Implemented\Water</Filter>
    </ClInclude>
    <ClInclude Include="GameObject.h">
      <Filter>Gameplay\Mechanisms</Filter>
    </ClInclude>
    <ClInclude Include="Level.h">
      <Filter>Gameplay\Mechanisms</Filter>
    </ClInclude>
    <ClInclude Include="LevelManager.h">
      <Filter>Gameplay\Mechanisms</Filter>
    </ClInclude>
    <ClInclude Include="TestLevel.h">
      <Filter>Gameplay\Implemented\SKTest</Filter>
    </ClInclude>
    <ClInclude Include="TDLevel.h">
      <Filter>Gameplay\Implemented\TowerDefense</Filter>
    </ClInclude>
    <ClInclude Include="FileUtilities.h">
      <Filter>Other</Filter>
    </ClInclude>
    <ClInclude Include="ProjectPicker.h">
      <Filter>Resources</Filter>
    </ClInclude>
    <ClInclude Include="ProjectPickerLevel.h">
      <Filter>Gameplay\Implemented\__Picker</Filter>
    </ClInclude>
    <ClInclude Include="LevelReader.h">
      <Filter>Resources</Filter>
    </ClInclude>
    <ClInclude Include="StackAllocator.h">
      <Filter>MemoryAllocators</Filter>
    </ClInclude>
    <ClInclude Include="Model.h">
      <Filter>Resources\Resource classes</Filter>
    </ClInclude>
    <ClInclude Include="Mesh.h">
      <Filter>Resources\Resource classes</Filter>
    </ClInclude>
    <ClInclude Include="Resource.h">
      <Filter>Resources\Resource classes</Filter>
    </ClInclude>
    <ClInclude Include="Texture.h">
      <Filter>Resources\Resource classes</Filter>
    </ClInclude>
    <ClInclude Include="Octree.h">
      <Filter>Collision\Spatial partitioning</Filter>
    </ClInclude>
    <ClInclude Include="Grid.h">
      <Filter>Collision\Spatial partitioning</Filter>
    </ClInclude>
    <ClInclude Include="HashOctree.h">
      <Filter>Collision\Spatial partitioning</Filter>
    </ClInclude>
    <ClInclude Include="ColFuncs.h">
      <Filter>Collision</Filter>
    </ClInclude>
    <ClInclude Include="AiController.h">
      <Filter>AI</Filter>
    </ClInclude>
    <ClInclude Include="ScreenSpaceDrawer.h">
      <Filter>Rendering</Filter>
    </ClInclude>
    <ClInclude Include="ShaderCompiler.h">
      <Filter>Rendering\Now do it properly</Filter>
    </ClInclude>
    <ClInclude Include="AStar.h">
      <Filter>AI\Pathfinding</Filter>
    </ClInclude>
    <ClInclude Include="NavMesh.h">
      <Filter>AI\Pathfinding</Filter>
    </ClInclude>
    <ClInclude Include="NavGrid.h">
      <Filter>AI\Pathfinding</Filter>
    </ClInclude>
    <ClInclude Include="Picker.h">
      <Filter>Collision</Filter>
    </ClInclude>
    <ClInclude Include="Observer.h">
      <Filter>Other</Filter>
    </ClInclude>
    <ClInclude Include="Frustum.h">
      <Filter>Rendering</Filter>
    </ClInclude>
    <ClInclude Include="Renderer.h">
      <Filter>Rendering\Now do it properly</Filter>
    </ClInclude>
    <ClInclude Include="Material.h">
      <Filter>Rendering\Now do it properly</Filter>
    </ClInclude>
    <ClInclude Include="Shader.h">
      <Filter>Rendering\Now do it properly</Filter>
    </ClInclude>
  </ItemGroup>
  <ItemGroup>
    <None Include="depth.vs">
      <Filter>Rendering\Shader Files\Common</Filter>
    </None>
    <None Include="depth.ps">
      <Filter>Rendering\Shader Files\Common</Filter>
    </None>
    <None Include="shadowvs.hlsl">
      <Filter>Rendering\Shader Files\Common</Filter>
    </None>
    <None Include="wireframe.gs">
      <Filter>Rendering\Shader Files\Common</Filter>
    </None>
    <None Include="wireframe.ps">
      <Filter>Rendering\Shader Files\Common</Filter>
    </None>
    <None Include="wireframe.vs">
      <Filter>Rendering\Shader Files\Common</Filter>
    </None>
    <None Include="lightvs.hlsl">
      <Filter>Rendering\Shader Files\Common</Filter>
    </None>
    <None Include="lightps.hlsl">
      <Filter>Rendering\Shader Files\Common</Filter>
    </None>
    <None Include="cubemap.ps">
      <Filter>Rendering\Shader Files\Common</Filter>
    </None>
    <None Include="cubemap.vs">
      <Filter>Rendering\Shader Files\Common</Filter>
    </None>
    <None Include="projectTex.ps">
      <Filter>Rendering\Shader Files\Specific</Filter>
    </None>
    <None Include="projectTex.vs">
      <Filter>Rendering\Shader Files\Specific</Filter>
    </None>
    <None Include="rekt.ps">
      <Filter>Rendering\Shader Files\Specific</Filter>
    </None>
    <None Include="rekt.vs">
      <Filter>Rendering\Shader Files\Specific</Filter>
    </None>
    <None Include="shadowps.hlsl">
      <Filter>Rendering\Shader Files\Common</Filter>
    </None>
    <None Include="packages.config" />
  </ItemGroup>
  <ItemGroup>
    <Text Include="shader-error.txt">
      <Filter>Rendering\Shader Files</Filter>
    </Text>
    <Text Include="IMGUI\LICENSE.txt">
      <Filter>GUI</Filter>
    </Text>
  </ItemGroup>
  <ItemGroup>
    <FxCompile Include="volumAirPS.hlsl">
      <Filter>Rendering\Shader Files\Volumetric</Filter>
    </FxCompile>
    <FxCompile Include="volumEarthPS.hlsl">
      <Filter>Rendering\Shader Files\Volumetric</Filter>
    </FxCompile>
    <FxCompile Include="volumFirePS.hlsl">
      <Filter>Rendering\Shader Files\Volumetric</Filter>
    </FxCompile>
    <FxCompile Include="VolumJuliaPS.hlsl">
      <Filter>Rendering\Shader Files\Volumetric</Filter>
    </FxCompile>
    <FxCompile Include="volumTreePS.hlsl">
      <Filter>Rendering\Shader Files\Volumetric</Filter>
    </FxCompile>
    <FxCompile Include="volumLavaPS.hlsl">
      <Filter>Rendering\Shader Files\Volumetric</Filter>
    </FxCompile>
    <FxCompile Include="volumVS.hlsl">
      <Filter>Rendering\Shader Files\Volumetric</Filter>
    </FxCompile>
    <FxCompile Include="volumWaterPS.hlsl">
      <Filter>Rendering\Shader Files\Volumetric</Filter>
    </FxCompile>
    <FxCompile Include="clipperPS.hlsl">
      <Filter>Rendering\Shader Files\Common</Filter>
    </FxCompile>
    <FxCompile Include="clipperVS.hlsl">
      <Filter>Rendering\Shader Files\Common</Filter>
    </FxCompile>
    <FxCompile Include="skyboxps.hlsl">
      <Filter>Rendering\Shader Files\Common</Filter>
    </FxCompile>
    <FxCompile Include="InstancedVS.hlsl">
      <Filter>Rendering\Shader Files\Common</Filter>
    </FxCompile>
    <FxCompile Include="InstancedPS.hlsl">
      <Filter>Rendering\Shader Files\Common</Filter>
    </FxCompile>
    <FxCompile Include="AnimaPS.hlsl">
      <Filter>Rendering\Shader Files\Common</Filter>
    </FxCompile>
    <FxCompile Include="AnimaVS.hlsl">
      <Filter>Rendering\Shader Files\Common</Filter>
    </FxCompile>
    <FxCompile Include="dragonCurvePS.hlsl">
      <Filter>Rendering\Shader Files\Specific</Filter>
    </FxCompile>
    <FxCompile Include="dragonCurveVS.hlsl">
      <Filter>Rendering\Shader Files\Specific</Filter>
    </FxCompile>
    <FxCompile Include="mazefloorVS.hlsl">
      <Filter>Rendering\Shader Files\Specific</Filter>
    </FxCompile>
    <FxCompile Include="mazePS.hlsl">
      <Filter>Rendering\Shader Files\Specific</Filter>
    </FxCompile>
    <FxCompile Include="mazeVS.hlsl">
      <Filter>Rendering\Shader Files\Specific</Filter>
    </FxCompile>
    <FxCompile Include="skyboxvs.hlsl">
      <Filter>Rendering\Shader Files\Common</Filter>
    </FxCompile>
    <FxCompile Include="perlin3dVS.hlsl">
      <Filter>Rendering\Shader Files\Specific</Filter>
    </FxCompile>
    <FxCompile Include="perlin3dPS.hlsl">
      <Filter>Rendering\Shader Files\Specific</Filter>
    </FxCompile>
    <FxCompile Include="normalsTerrainPS.hlsl">
      <Filter>Rendering\Shader Files\Common</Filter>
    </FxCompile>
    <FxCompile Include="terrainPS.hlsl">
      <Filter>Rendering\Shader Files\Common</Filter>
    </FxCompile>
    <FxCompile Include="brightMaskVS.hlsl">
      <Filter>Rendering\Shader Files\PostProcessing</Filter>
    </FxCompile>
    <FxCompile Include="brightmaskPS.hlsl">
      <Filter>Rendering\Shader Files\PostProcessing</Filter>
    </FxCompile>
    <FxCompile Include="blurVS.hlsl">
      <Filter>Rendering\Shader Files\PostProcessing</Filter>
    </FxCompile>
    <FxCompile Include="bloomVS.hlsl">
      <Filter>Rendering\Shader Files\PostProcessing</Filter>
    </FxCompile>
    <FxCompile Include="bloomPS.hlsl">
      <Filter>Rendering\Shader Files\PostProcessing</Filter>
    </FxCompile>
    <FxCompile Include="blurHorPS.hlsl">
      <Filter>Rendering\Shader Files\PostProcessing</Filter>
    </FxCompile>
    <FxCompile Include="blurVerPS.hlsl">
      <Filter>Rendering\Shader Files\PostProcessing</Filter>
    </FxCompile>
    <FxCompile Include="dragonPS.hlsl">
      <Filter>Rendering\Shader Files\Volumetric</Filter>
    </FxCompile>
    <FxCompile Include="windpipePS.hlsl">
      <Filter>Rendering\Shader Files\Volumetric</Filter>
    </FxCompile>
    <FxCompile Include="windpipeVS.hlsl">
      <Filter>Rendering\Shader Files\Volumetric</Filter>
    </FxCompile>
    <FxCompile Include="dragonVS.hlsl">
      <Filter>Rendering\Shader Files\Volumetric</Filter>
    </FxCompile>
    <FxCompile Include="volumTornadoPS.hlsl">
      <Filter>Rendering\Shader Files\Volumetric</Filter>
    </FxCompile>
    <FxCompile Include="waterPS.hlsl">
      <Filter>Rendering\Shader Files\Common</Filter>
    </FxCompile>
    <FxCompile Include="waterVS.hlsl">
      <Filter>Rendering\Shader Files\Common</Filter>
    </FxCompile>
    <FxCompile Include="strifevs.hlsl">
      <Filter>Rendering\Shader Files\Clouds</Filter>
    </FxCompile>
    <FxCompile Include="strifeps.hlsl">
      <Filter>Rendering\Shader Files\Clouds</Filter>
    </FxCompile>
    <FxCompile Include="Simplex.hlsl">
      <Filter>Rendering\Shader Files\Clouds</Filter>
    </FxCompile>
    <FxCompile Include="Simplex_derivative.hlsl">
      <Filter>Rendering\Shader Files\Clouds</Filter>
    </FxCompile>
  </ItemGroup>
</Project>